
Microsoft Visual Studio Solution File, Format Version 12.00
# Visual Studio Version 16
VisualStudioVersion = 16.0.35229.62
MinimumVisualStudioVersion = 10.0.40219.1
Project("{FAE04EC0-301F-11D3-BF4B-00C04F79EFBC}") = "OrderManagementSystem", "OrderManagementSystem.csproj", "{D716BFE2-89D8-4F91-A532-7E5228051CDF}"
EndProject
Project("{FAE04EC0-301F-11D3-BF4B-00C04F79EFBC}") = "OrderManagementSystem.Tests", "..\OrderManagementSystem.Tests\OrderManagementSystem.Tests.csproj", "{2B005BB9-3D2A-4FAD-A648-19D34D62F049}"
EndProject
Global
	GlobalSection(SolutionConfigurationPlatforms) = preSolution
		Debug|Any CPU = Debug|Any CPU
		Release|Any CPU = Release|Any CPU
	EndGlobalSection
	GlobalSection(ProjectConfigurationPlatforms) = postSolution
		{D716BFE2-89D8-4F91-A532-7E5228051CDF}.Debug|Any CPU.ActiveCfg = Debug|Any CPU
		{D716BFE2-89D8-4F91-A532-7E5228051CDF}.Debug|Any CPU.Build.0 = Debug|Any CPU
		{D716BFE2-89D8-4F91-A532-7E5228051CDF}.Release|Any CPU.ActiveCfg = Release|Any CPU
		{D716BFE2-89D8-4F91-A532-7E5228051CDF}.Release|Any CPU.Build.0 = Release|Any CPU
		{2B005BB9-3D2A-4FAD-A648-19D34D62F049}.Debug|Any CPU.ActiveCfg = Debug|Any CPU
		{2B005BB9-3D2A-4FAD-A648-19D34D62F049}.Debug|Any CPU.Build.0 = Debug|Any CPU
		{2B005BB9-3D2A-4FAD-A648-19D34D62F049}.Release|Any CPU.ActiveCfg = Release|Any CPU
		{2B005BB9-3D2A-4FAD-A648-19D34D62F049}.Release|Any CPU.Build.0 = Release|Any CPU
	EndGlobalSection
	GlobalSection(SolutionProperties) = preSolution
		HideSolutionNode = FALSE
	EndGlobalSection
	GlobalSection(ExtensibilityGlobals) = postSolution
		SolutionGuid = {29579090-61C4-4553-9059-F2FFBEC1D953}
	EndGlobalSection
EndGlobal
